PODS:
  - Flutter (1.0.0)
  - image_picker (0.0.1):
    - Flutter
  - package_info (0.0.1):
    - Flutter
  - ZDCChat (1.3.7.1):
    - ZDCChat/API (= 1.3.7.1)
    - ZDCChat/Localization (= 1.3.7.1)
    - ZDCChat/UI (= 1.3.7.1)
  - ZDCChat/API (1.3.7.1)
  - ZDCChat/Localization (1.3.7.1)
  - ZDCChat/UI (1.3.7.1):
    - ZDCChat/API
  - zendesk_flutter_plugin (0.0.1):
    - Flutter
    - ZDCChat

DEPENDENCIES:
  - Flutter (from `.symlinks/flutter/ios-release`)
  - image_picker (from `.symlinks/plugins/image_picker/ios`)
  - package_info (from `.symlinks/plugins/package_info/ios`)
  - zendesk_flutter_plugin (from `.symlinks/plugins/zendesk_flutter_plugin/ios`)

SPEC REPOS:
  https://github.com/CocoaPods/Specs.git:
    - ZDCChat

EXTERNAL SOURCES:
  Flutter:
    :path: ".symlinks/flutter/ios-release"
  image_picker:
    :path: ".symlinks/plugins/image_picker/ios"
  package_info:
    :path: ".symlinks/plugins/package_info/ios"
  zendesk_flutter_plugin:
    :path: ".symlinks/plugins/zendesk_flutter_plugin/ios"

SPEC CHECKSUMS:
  Flutter: 0e3d915762c693b495b44d77113d4970485de6ec
  image_picker: 16e5fec1fbc87fd3b297c53e4048521eaf17cd06
  package_info: 78cabb3c322943c55d39676f4a5bfc748c01d055
  ZDCChat: 022351259c723b713bc701f71a244e4416a92257
  zendesk_flutter_plugin: c3cb14b6a1ccb1b84e471ae864be4a2d47d5e205

PODFILE CHECKSUM: 7fb83752f59ead6285236625b82473f90b1cb932

COCOAPODS: 1.8.4
