PODS:
  - Flutter (1.0.0)
  - image_picker (0.0.1):
    - Flutter
  - package_info (0.0.1):
    - Flutter
  - zendesk_flutter_plugin (0.0.1):
    - Flutter
    - ZendeskChatProvidersSDK (= 2.5.1)
  - ZendeskChatProvidersSDK (2.5.1)

DEPENDENCIES:
  - Flutter (from `.symlinks/flutter/ios-release`)
  - image_picker (from `.symlinks/plugins/image_picker/ios`)
  - package_info (from `.symlinks/plugins/package_info/ios`)
  - zendesk_flutter_plugin (from `.symlinks/plugins/zendesk_flutter_plugin/ios`)

SPEC REPOS:
  trunk:
    - ZendeskChatProvidersSDK

EXTERNAL SOURCES:
  Flutter:
    :path: ".symlinks/flutter/ios-release"
  image_picker:
    :path: ".symlinks/plugins/image_picker/ios"
  package_info:
    :path: ".symlinks/plugins/package_info/ios"
  zendesk_flutter_plugin:
    :path: ".symlinks/plugins/zendesk_flutter_plugin/ios"

SPEC CHECKSUMS:
  Flutter: 0e3d915762c693b495b44d77113d4970485de6ec
  image_picker: 16e5fec1fbc87fd3b297c53e4048521eaf17cd06
  package_info: 78cabb3c322943c55d39676f4a5bfc748c01d055
  zendesk_flutter_plugin: 7ac15eb911ac47f1db48dbba1742f44047c1c50c
  ZendeskChatProvidersSDK: 20fba23d07d6c1c5effb5a4348e758a11280dea3

PODFILE CHECKSUM: 7fb83752f59ead6285236625b82473f90b1cb932

COCOAPODS: 1.9.1
